
Microsoft Visual Studio Solution File, Format Version 12.00
# Visual Studio Version 17
VisualStudioVersion = 17.11.35327.3
MinimumVisualStudioVersion = 10.0.40219.1
Project("{FAE04EC0-301F-11D3-BF4B-00C04F79EFBC}") = "ExpertFinder.Api", "ExpertFinder.Api.csproj", "{ABE21252-3708-400F-8088-3A57EBD28332}"
EndProject
Global
	GlobalSection(SolutionConfigurationPlatforms) = preSolution
		Debug|Any CPU = Debug|Any CPU
		Release|Any CPU = Release|Any CPU
	EndGlobalSection
	GlobalSection(ProjectConfigurationPlatforms) = postSolution
		{ABE21252-3708-400F-8088-3A57EBD28332}.Debug|Any CPU.ActiveCfg = Debug|Any CPU
		{ABE21252-3708-400F-8088-3A57EBD28332}.Debug|Any CPU.Build.0 = Debug|Any CPU
		{ABE21252-3708-400F-8088-3A57EBD28332}.Release|Any CPU.ActiveCfg = Release|Any CPU
		{ABE21252-3708-400F-8088-3A57EBD28332}.Release|Any CPU.Build.0 = Release|Any CPU
	EndGlobalSection
	GlobalSection(SolutionProperties) = preSolution
		HideSolutionNode = FALSE
	EndGlobalSection
	GlobalSection(ExtensibilityGlobals) = postSolution
		SolutionGuid = {107A9560-B0DB-4B80-BDB1-5A7A6D54A002}
	EndGlobalSection
EndGlobal
